
Microsoft Visual Studio Solution File, Format Version 12.00
# Visual Studio Version 17
VisualStudioVersion = 17.6.33829.357
MinimumVisualStudioVersion = 10.0.40219.1
Project("{FAE04EC0-301F-11D3-BF4B-00C04F79EFBC}") = "CodeProfiler.Core", "CodeProfiler.Core\CodeProfiler.Core.csproj", "{67234E6B-8EB2-4116-B60E-9C4545A10972}"
EndProject
Project("{FAE04EC0-301F-11D3-BF4B-00C04F79EFBC}") = "CodeProfiler.SqlServer", "CodeProfiler.SqlServer\CodeProfiler.SqlServer.csproj", "{4C3E4B35-7503-4474-A99A-86155AA1B8AE}"
EndProject
Global
	GlobalSection(SolutionConfigurationPlatforms) = preSolution
		Debug|Any CPU = Debug|Any CPU
		Release|Any CPU = Release|Any CPU
	EndGlobalSection
	GlobalSection(ProjectConfigurationPlatforms) = postSolution
		{67234E6B-8EB2-4116-B60E-9C4545A10972}.Debug|Any CPU.ActiveCfg = Debug|Any CPU
		{67234E6B-8EB2-4116-B60E-9C4545A10972}.Debug|Any CPU.Build.0 = Debug|Any CPU
		{67234E6B-8EB2-4116-B60E-9C4545A10972}.Release|Any CPU.ActiveCfg = Release|Any CPU
		{67234E6B-8EB2-4116-B60E-9C4545A10972}.Release|Any CPU.Build.0 = Release|Any CPU
		{4C3E4B35-7503-4474-A99A-86155AA1B8AE}.Debug|Any CPU.ActiveCfg = Debug|Any CPU
		{4C3E4B35-7503-4474-A99A-86155AA1B8AE}.Debug|Any CPU.Build.0 = Debug|Any CPU
		{4C3E4B35-7503-4474-A99A-86155AA1B8AE}.Release|Any CPU.ActiveCfg = Release|Any CPU
		{4C3E4B35-7503-4474-A99A-86155AA1B8AE}.Release|Any CPU.Build.0 = Release|Any CPU
	EndGlobalSection
	GlobalSection(SolutionProperties) = preSolution
		HideSolutionNode = FALSE
	EndGlobalSection
	GlobalSection(ExtensibilityGlobals) = postSolution
		SolutionGuid = {995C5833-5396-4981-BF38-C97427AE4E11}
	EndGlobalSection
EndGlobal
